
Microsoft Visual Studio Solution File, Format Version 12.00
# Visual Studio Version 16
VisualStudioVersion = 16.0.29503.13
MinimumVisualStudioVersion = 10.0.40219.1
Project("{9A19103F-16F7-4668-BE54-9A1E7A4F7556}") = "Company.Entities", "Company.Entities\Company.Entities.csproj", "{7929F33F-3819-4287-A75E-BD4A01B18ABC}"
EndProject
Project("{9A19103F-16F7-4668-BE54-9A1E7A4F7556}") = "Company.DataAccess", "Company.DataAccess\Company.DataAccess.csproj", "{875215DA-51C8-48AC-BFEB-09D82140533B}"
EndProject
Project("{9A19103F-16F7-4668-BE54-9A1E7A4F7556}") = "Company.Core", "Company.Core\Company.Core.csproj", "{1D0F173B-E7C8-472D-9786-14A71BE7EBD6}"
EndProject
Project("{9A19103F-16F7-4668-BE54-9A1E7A4F7556}") = "Company.Business", "Company.Business\Company.Business.csproj", "{80A5CCA4-027D-4582-A1A4-21FBB2A78739}"
EndProject
Project("{FAE04EC0-301F-11D3-BF4B-00C04F79EFBC}") = "Company.WebAPI", "Company.WebAPI\Company.WebAPI.csproj", "{33E01B43-97A7-45B4-81B3-55167BF62BAF}"
EndProject
Global
	GlobalSection(SolutionConfigurationPlatforms) = preSolution
		Debug|Any CPU = Debug|Any CPU
		Release|Any CPU = Release|Any CPU
	EndGlobalSection
	GlobalSection(ProjectConfigurationPlatforms) = postSolution
		{7929F33F-3819-4287-A75E-BD4A01B18ABC}.Debug|Any CPU.ActiveCfg = Debug|Any CPU
		{7929F33F-3819-4287-A75E-BD4A01B18ABC}.Debug|Any CPU.Build.0 = Debug|Any CPU
		{7929F33F-3819-4287-A75E-BD4A01B18ABC}.Release|Any CPU.ActiveCfg = Release|Any CPU
		{7929F33F-3819-4287-A75E-BD4A01B18ABC}.Release|Any CPU.Build.0 = Release|Any CPU
		{875215DA-51C8-48AC-BFEB-09D82140533B}.Debug|Any CPU.ActiveCfg = Debug|Any CPU
		{875215DA-51C8-48AC-BFEB-09D82140533B}.Debug|Any CPU.Build.0 = Debug|Any CPU
		{875215DA-51C8-48AC-BFEB-09D82140533B}.Release|Any CPU.ActiveCfg = Release|Any CPU
		{875215DA-51C8-48AC-BFEB-09D82140533B}.Release|Any CPU.Build.0 = Release|Any CPU
		{1D0F173B-E7C8-472D-9786-14A71BE7EBD6}.Debug|Any CPU.ActiveCfg = Debug|Any CPU
		{1D0F173B-E7C8-472D-9786-14A71BE7EBD6}.Debug|Any CPU.Build.0 = Debug|Any CPU
		{1D0F173B-E7C8-472D-9786-14A71BE7EBD6}.Release|Any CPU.ActiveCfg = Release|Any CPU
		{1D0F173B-E7C8-472D-9786-14A71BE7EBD6}.Release|Any CPU.Build.0 = Release|Any CPU
		{80A5CCA4-027D-4582-A1A4-21FBB2A78739}.Debug|Any CPU.ActiveCfg = Debug|Any CPU
		{80A5CCA4-027D-4582-A1A4-21FBB2A78739}.Debug|Any CPU.Build.0 = Debug|Any CPU
		{80A5CCA4-027D-4582-A1A4-21FBB2A78739}.Release|Any CPU.ActiveCfg = Release|Any CPU
		{80A5CCA4-027D-4582-A1A4-21FBB2A78739}.Release|Any CPU.Build.0 = Release|Any CPU
		{33E01B43-97A7-45B4-81B3-55167BF62BAF}.Debug|Any CPU.ActiveCfg = Debug|Any CPU
		{33E01B43-97A7-45B4-81B3-55167BF62BAF}.Debug|Any CPU.Build.0 = Debug|Any CPU
		{33E01B43-97A7-45B4-81B3-55167BF62BAF}.Release|Any CPU.ActiveCfg = Release|Any CPU
		{33E01B43-97A7-45B4-81B3-55167BF62BAF}.Release|Any CPU.Build.0 = Release|Any CPU
	EndGlobalSection
	GlobalSection(SolutionProperties) = preSolution
		HideSolutionNode = FALSE
	EndGlobalSection
	GlobalSection(ExtensibilityGlobals) = postSolution
		SolutionGuid = {48F777E2-9A3F-4770-A96A-923871B11446}
	EndGlobalSection
EndGlobal
